// !$*UTF8*$!
{
	archiveVersion = 1;
	classes = {
	};
	objectVersion = 46;
	objects = {

/* Begin PBXBuildFile section */
		9E30909518D1E11B0054DE87 /* Foundation.framework in Frameworks */ = {isa = PBXBuildFile; fileRef = 9E30909418D1E11B0054DE87 /* Foundation.framework */; };
		9E30909718D1E11B0054DE87 /* CoreGraphics.framework in Frameworks */ = {isa = PBXBuildFile; fileRef = 9E30909618D1E11B0054DE87 /* CoreGraphics.framework */; };
		9E30909918D1E11B0054DE87 /* UIKit.framework in Frameworks */ = {isa = PBXBuildFile; fileRef = 9E30909818D1E11B0054DE87 /* UIKit.framework */; };
		9E30909F18D1E11B0054DE87 /* InfoPlist.strings in Resources */ = {isa = PBXBuildFile; fileRef = 9E30909D18D1E11B0054DE87 /* InfoPlist.strings */; };
		9E3090A118D1E11B0054DE87 /* main.m in Sources */ = {isa = PBXBuildFile; fileRef = 9E3090A018D1E11B0054DE87 /* main.m */; };
		9E3090A518D1E11B0054DE87 /* AppDelegate.m in Sources */ = {isa = PBXBuildFile; fileRef = 9E3090A418D1E11B0054DE87 /* AppDelegate.m */; };
		9E3090AB18D1E11B0054DE87 /* ViewController.m in Sources */ = {isa = PBXBuildFile; fileRef = 9E3090AA18D1E11B0054DE87 /* ViewController.m */; };
		9E3090AD18D1E11B0054DE87 /* Images.xcassets in Resources */ = {isa = PBXBuildFile; fileRef = 9E3090AC18D1E11B0054DE87 /* Images.xcassets */; };
		9E3090B418D1E11B0054DE87 /* XCTest.framework in Frameworks */ = {isa = PBXBuildFile; fileRef = 9E3090B318D1E11B0054DE87 /* XCTest.framework */; };
		9E3090B518D1E11B0054DE87 /* Foundation.framework in Frameworks */ = {isa = PBXBuildFile; fileRef = 9E30909418D1E11B0054DE87 /* Foundation.framework */; };
		9E3090B618D1E11B0054DE87 /* UIKit.framework in Frameworks */ = {isa = PBXBuildFile; fileRef = 9E30909818D1E11B0054DE87 /* UIKit.framework */; };
		9E3090BE18D1E11B0054DE87 /* InfoPlist.strings in Resources */ = {isa = PBXBuildFile; fileRef = 9E3090BC18D1E11B0054DE87 /* InfoPlist.strings */; };
		9E3090C018D1E11B0054DE87 /* GraphviewTests.m in Sources */ = {isa = PBXBuildFile; fileRef = 9E3090BF18D1E11B0054DE87 /* GraphviewTests.m */; };
		9E3090CA18D1E12D0054DE87 /* ViewController.xib in Resources */ = {isa = PBXBuildFile; fileRef = 9E3090C918D1E12D0054DE87 /* ViewController.xib */; };
		9E3090CE18D1E20E0054DE87 /* highcharts.js in Sources */ = {isa = PBXBuildFile; fileRef = 9E3090CB18D1E20E0054DE87 /* highcharts.js */; };
		9E3090CF18D1E20E0054DE87 /* jquery.min.htm in Resources */ = {isa = PBXBuildFile; fileRef = 9E3090CC18D1E20E0054DE87 /* jquery.min.htm */; };
		9E3090D018D1E20E0054DE87 /* piechart.html in Resources */ = {isa = PBXBuildFile; fileRef = 9E3090CD18D1E20E0054DE87 /* piechart.html */; };
		9E3090D118D1E3B30054DE87 /* jquery.min.htm in Sources */ = {isa = PBXBuildFile; fileRef = 9E3090CC18D1E20E0054DE87 /* jquery.min.htm */; };
		9E3090D218D1E4030054DE87 /* highcharts.js in Resources */ = {isa = PBXBuildFile; fileRef = 9E3090CB18D1E20E0054DE87 /* highcharts.js */; };
/* End PBXBuildFile section */

/* Begin PBXContainerItemProxy section */
		9E3090B718D1E11B0054DE87 /* PBXContainerItemProxy */ = {
			isa = PBXContainerItemProxy;
			containerPortal = 9E30908918D1E11B0054DE87 /* Project object */;
			proxyType = 1;
			remoteGlobalIDString = 9E30909018D1E11B0054DE87;
			remoteInfo = Graphview;
		};
/* End PBXContainerItemProxy section */

/* Begin PBXFileReference section */
		9E30909118D1E11B0054DE87 /* Graphview.app */ = {isa = PBXFileReference; explicitFileType = wrapper.application; includeInIndex = 0; path = Graphview.app; sourceTree = BUILT_PRODUCTS_DIR; };
		9E30909418D1E11B0054DE87 /* Foundation.framework */ = {isa = PBXFileReference; lastKnownFileType = wrapper.framework; name = Foundation.framework; path = System/Library/Frameworks/Foundation.framework; sourceTree = SDKROOT; };
		9E30909618D1E11B0054DE87 /* CoreGraphics.framework */ = {isa = PBXFileReference; lastKnownFileType = wrapper.framework; name = CoreGraphics.framework; path = System/Library/Frameworks/CoreGraphics.framework; sourceTree = SDKROOT; };
		9E30909818D1E11B0054DE87 /* UIKit.framework */ = {isa = PBXFileReference; lastKnownFileType = wrapper.framework; name = UIKit.framework; path = System/Library/Frameworks/UIKit.framework; sourceTree = SDKROOT; };
		9E30909C18D1E11B0054DE87 /* Graphview-Info.plist */ = {isa = PBXFileReference; lastKnownFileType = text.plist.xml; path = "Graphview-Info.plist"; sourceTree = "<group>"; };
		9E30909E18D1E11B0054DE87 /* en */ = {isa = PBXFileReference; lastKnownFileType = text.plist.strings; name = en; path = en.lproj/InfoPlist.strings; sourceTree = "<group>"; };
		9E3090A018D1E11B0054DE87 /* main.m */ = {isa = PBXFileReference; lastKnownFileType = sourcecode.c.objc; path = main.m; sourceTree = "<group>"; };
		9E3090A218D1E11B0054DE87 /* Graphview-Prefix.pch */ = {isa = PBXFileReference; lastKnownFileType = sourcecode.c.h; path = "Graphview-Prefix.pch"; sourceTree = "<group>"; };
		9E3090A318D1E11B0054DE87 /* AppDelegate.h */ = {isa = PBXFileReference; lastKnownFileType = sourcecode.c.h; path = AppDelegate.h; sourceTree = "<group>"; };
		9E3090A418D1E11B0054DE87 /* AppDelegate.m */ = {isa = PBXFileReference; lastKnownFileType = sourcecode.c.objc; path = AppDelegate.m; sourceTree = "<group>"; };
		9E3090A918D1E11B0054DE87 /* ViewController.h */ = {isa = PBXFileReference; lastKnownFileType = sourcecode.c.h; path = ViewController.h; sourceTree = "<group>"; };
		9E3090AA18D1E11B0054DE87 /* ViewController.m */ = {isa = PBXFileReference; lastKnownFileType = sourcecode.c.objc; path = ViewController.m; sourceTree = "<group>"; };
		9E3090AC18D1E11B0054DE87 /* Images.xcassets */ = {isa = PBXFileReference; lastKnownFileType = folder.assetcatalog; path = Images.xcassets; sourceTree = "<group>"; };
		9E3090B218D1E11B0054DE87 /* GraphviewTests.xctest */ = {isa = PBXFileReference; explicitFileType = wrapper.cfbundle; includeInIndex = 0; path = GraphviewTests.xctest; sourceTree = BUILT_PRODUCTS_DIR; };
		9E3090B318D1E11B0054DE87 /* XCTest.framework */ = {isa = PBXFileReference; lastKnownFileType = wrapper.framework; name = XCTest.framework; path = Library/Frameworks/XCTest.framework; sourceTree = DEVELOPER_DIR; };
		9E3090BB18D1E11B0054DE87 /* GraphviewTests-Info.plist */ = {isa = PBXFileReference; lastKnownFileType = text.plist.xml; path = "GraphviewTests-Info.plist"; sourceTree = "<group>"; };
		9E3090BD18D1E11B0054DE87 /* en */ = {isa = PBXFileReference; lastKnownFileType = text.plist.strings; name = en; path = en.lproj/InfoPlist.strings; sourceTree = "<group>"; };
		9E3090BF18D1E11B0054DE87 /* GraphviewTests.m */ = {isa = PBXFileReference; lastKnownFileType = sourcecode.c.objc; path = GraphviewTests.m; sourceTree = "<group>"; };
		9E3090C918D1E12D0054DE87 /* ViewController.xib */ = {isa = PBXFileReference; fileEncoding = 4; lastKnownFileType = file.xib; path = ViewController.xib; sourceTree = "<group>"; };
		9E3090CB18D1E20E0054DE87 /* highcharts.js */ = {isa = PBXFileReference; fileEncoding = 4; lastKnownFileType = sourcecode.javascript; path = highcharts.js; sourceTree = "<group>"; };
		9E3090CC18D1E20E0054DE87 /* jquery.min.htm */ = {isa = PBXFileReference; fileEncoding = 4; lastKnownFileType = text.html; path = jquery.min.htm; sourceTree = "<group>"; };
		9E3090CD18D1E20E0054DE87 /* piechart.html */ = {isa = PBXFileReference; fileEncoding = 4; lastKnownFileType = text.html; path = piechart.html; sourceTree = "<group>"; };
/* End PBXFileReference section */

/* Begin PBXFrameworksBuildPhase section */
		9E30908E18D1E11B0054DE87 /* Frameworks */ = {
			isa = PBXFrameworksBuildPhase;
			buildActionMask = 2147483647;
			files = (
				9E30909718D1E11B0054DE87 /* CoreGraphics.framework in Frameworks */,
				9E30909918D1E11B0054DE87 /* UIKit.framework in Frameworks */,
				9E30909518D1E11B0054DE87 /* Foundation.framework in Frameworks */,
			);
			runOnlyForDeploymentPostprocessing = 0;
		};
		9E3090AF18D1E11B0054DE87 /* Frameworks */ = {
			isa = PBXFrameworksBuildPhase;
			buildActionMask = 2147483647;
			files = (
				9E3090B418D1E11B0054DE87 /* XCTest.framework in Frameworks */,
				9E3090B618D1E11B0054DE87 /* UIKit.framework in Frameworks */,
				9E3090B518D1E11B0054DE87 /* Foundation.framework in Frameworks */,
			);
			runOnlyForDeploymentPostprocessing = 0;
		};
/* End PBXFrameworksBuildPhase section */

/* Begin PBXGroup section */
		9E30908818D1E11B0054DE87 = {
			isa = PBXGroup;
			children = (
				9E30909A18D1E11B0054DE87 /* Graphview */,
				9E3090B918D1E11B0054DE87 /* GraphviewTests */,
				9E30909318D1E11B0054DE87 /* Frameworks */,
				9E30909218D1E11B0054DE87 /* Products */,
			);
			sourceTree = "<group>";
		};
		9E30909218D1E11B0054DE87 /* Products */ = {
			isa = PBXGroup;
			children = (
				9E30909118D1E11B0054DE87 /* Graphview.app */,
				9E3090B218D1E11B0054DE87 /* GraphviewTests.xctest */,
			);
			name = Products;
			sourceTree = "<group>";
		};
		9E30909318D1E11B0054DE87 /* Frameworks */ = {
			isa = PBXGroup;
			children = (
				9E30909418D1E11B0054DE87 /* Foundation.framework */,
				9E30909618D1E11B0054DE87 /* CoreGraphics.framework */,
				9E30909818D1E11B0054DE87 /* UIKit.framework */,
				9E3090B318D1E11B0054DE87 /* XCTest.framework */,
			);
			name = Frameworks;
			sourceTree = "<group>";
		};
		9E30909A18D1E11B0054DE87 /* Graphview */ = {
			isa = PBXGroup;
			children = (
				9E3090A318D1E11B0054DE87 /* AppDelegate.h */,
				9E3090A418D1E11B0054DE87 /* AppDelegate.m */,
				9E3090A918D1E11B0054DE87 /* ViewController.h */,
				9E3090AA18D1E11B0054DE87 /* ViewController.m */,
				9E3090C918D1E12D0054DE87 /* ViewController.xib */,
				9E3090AC18D1E11B0054DE87 /* Images.xcassets */,
				9E30909B18D1E11B0054DE87 /* Supporting Files */,
			);
			path = Graphview;
			sourceTree = "<group>";
		};
		9E30909B18D1E11B0054DE87 /* Supporting Files */ = {
			isa = PBXGroup;
			children = (
				9E3090CB18D1E20E0054DE87 /* highcharts.js */,
				9E3090CC18D1E20E0054DE87 /* jquery.min.htm */,
				9E3090CD18D1E20E0054DE87 /* piechart.html */,
				9E30909C18D1E11B0054DE87 /* Graphview-Info.plist */,
				9E30909D18D1E11B0054DE87 /* InfoPlist.strings */,
				9E3090A018D1E11B0054DE87 /* main.m */,
				9E3090A218D1E11B0054DE87 /* Graphview-Prefix.pch */,
			);
			name = "Supporting Files";
			sourceTree = "<group>";
		};
		9E3090B918D1E11B0054DE87 /* GraphviewTests */ = {
			isa = PBXGroup;
			children = (
				9E3090BF18D1E11B0054DE87 /* GraphviewTests.m */,
				9E3090BA18D1E11B0054DE87 /* Supporting Files */,
			);
			path = GraphviewTests;
			sourceTree = "<group>";
		};
		9E3090BA18D1E11B0054DE87 /* Supporting Files */ = {
			isa = PBXGroup;
			children = (
				9E3090BB18D1E11B0054DE87 /* GraphviewTests-Info.plist */,
				9E3090BC18D1E11B0054DE87 /* InfoPlist.strings */,
			);
			name = "Supporting Files";
			sourceTree = "<group>";
		};
/* End PBXGroup section */

/* Begin PBXNativeTarget section */
		9E30909018D1E11B0054DE87 /* Graphview */ = {
			isa = PBXNativeTarget;
			buildConfigurationList = 9E3090C318D1E11B0054DE87 /* Build configuration list for PBXNativeTarget "Graphview" */;
			buildPhases = (
				9E30908D18D1E11B0054DE87 /* Sources */,
				9E30908E18D1E11B0054DE87 /* Frameworks */,
				9E30908F18D1E11B0054DE87 /* Resources */,
			);
			buildRules = (
			);
			dependencies = (
			);
			name = Graphview;
			productName = Graphview;
			productReference = 9E30909118D1E11B0054DE87 /* Graphview.app */;
			productType = "com.apple.product-type.application";
		};
		9E3090B118D1E11B0054DE87 /* GraphviewTests */ = {
			isa = PBXNativeTarget;
			buildConfigurationList = 9E3090C618D1E11B0054DE87 /* Build configuration list for PBXNativeTarget "GraphviewTests" */;
			buildPhases = (
				9E3090AE18D1E11B0054DE87 /* Sources */,
				9E3090AF18D1E11B0054DE87 /* Frameworks */,
				9E3090B018D1E11B0054DE87 /* Resources */,
			);
			buildRules = (
			);
			dependencies = (
				9E3090B818D1E11B0054DE87 /* PBXTargetDependency */,
			);
			name = GraphviewTests;
			productName = GraphviewTests;
			productReference = 9E3090B218D1E11B0054DE87 /* GraphviewTests.xctest */;
			productType = "com.apple.product-type.bundle.unit-test";
		};
/* End PBXNativeTarget section */

/* Begin PBXProject section */
		9E30908918D1E11B0054DE87 /* Project object */ = {
			isa = PBXProject;
			attributes = {
				LastUpgradeCheck = 0500;
				ORGANIZATIONNAME = Clarion;
				TargetAttributes = {
					9E3090B118D1E11B0054DE87 = {
						TestTargetID = 9E30909018D1E11B0054DE87;
					};
				};
			};
			buildConfigurationList = 9E30908C18D1E11B0054DE87 /* Build configuration list for PBXProject "Graphview" */;
			compatibilityVersion = "Xcode 3.2";
			developmentRegion = English;
			hasScannedForEncodings = 0;
			knownRegions = (
				en,
				Base,
			);
			mainGroup = 9E30908818D1E11B0054DE87;
			productRefGroup = 9E30909218D1E11B0054DE87 /* Products */;
			projectDirPath = "";
			projectRoot = "";
			targets = (
				9E30909018D1E11B0054DE87 /* Graphview */,
				9E3090B118D1E11B0054DE87 /* GraphviewTests */,
			);
		};
/* End PBXProject section */

/* Begin PBXResourcesBuildPhase section */
		9E30908F18D1E11B0054DE87 /* Resources */ = {
			isa = PBXResourcesBuildPhase;
			buildActionMask = 2147483647;
			files = (
				9E3090D218D1E4030054DE87 /* highcharts.js in Resources */,
				9E3090AD18D1E11B0054DE87 /* Images.xcassets in Resources */,
				9E3090CA18D1E12D0054DE87 /* ViewController.xib in Resources */,
				9E30909F18D1E11B0054DE87 /* InfoPlist.strings in Resources */,
				9E3090D018D1E20E0054DE87 /* piechart.html in Resources */,
				9E3090CF18D1E20E0054DE87 /* jquery.min.htm in Resources */,
			);
			runOnlyForDeploymentPostprocessing = 0;
		};
		9E3090B018D1E11B0054DE87 /* Resources */ = {
			isa = PBXResourcesBuildPhase;
			buildActionMask = 2147483647;
			files = (
				9E3090BE18D1E11B0054DE87 /* InfoPlist.strings in Resources */,
			);
			runOnlyForDeploymentPostprocessing = 0;
		};
/* End PBXResourcesBuildPhase section */

/* Begin PBXSourcesBuildPhase section */
		9E30908D18D1E11B0054DE87 /* Sources */ = {
			isa = PBXSourcesBuildPhase;
			buildActionMask = 2147483647;
			files = (
				9E3090D118D1E3B30054DE87 /* jquery.min.htm in Sources */,
				9E3090AB18D1E11B0054DE87 /* ViewController.m in Sources */,
				9E3090CE18D1E20E0054DE87 /* highcharts.js in Sources */,
				9E3090A518D1E11B0054DE87 /* AppDelegate.m in Sources */,
				9E3090A118D1E11B0054DE87 /* main.m in Sources */,
			);
			runOnlyForDeploymentPostprocessing = 0;
		};
		9E3090AE18D1E11B0054DE87 /* Sources */ = {
			isa = PBXSourcesBuildPhase;
			buildActionMask = 2147483647;
			files = (
				9E3090C018D1E11B0054DE87 /* GraphviewTests.m in Sources */,
			);
			runOnlyForDeploymentPostprocessing = 0;
		};
/* End PBXSourcesBuildPhase section */

/* Begin PBXTargetDependency section */
		9E3090B818D1E11B0054DE87 /* PBXTargetDependency */ = {
			isa = PBXTargetDependency;
			target = 9E30909018D1E11B0054DE87 /* Graphview */;
			targetProxy = 9E3090B718D1E11B0054DE87 /* PBXContainerItemProxy */;
		};
/* End PBXTargetDependency section */

/* Begin PBXVariantGroup section */
		9E30909D18D1E11B0054DE87 /* InfoPlist.strings */ = {
			isa = PBXVariantGroup;
			children = (
				9E30909E18D1E11B0054DE87 /* en */,
			);
			name = InfoPlist.strings;
			sourceTree = "<group>";
		};
		9E3090BC18D1E11B0054DE87 /* InfoPlist.strings */ = {
			isa = PBXVariantGroup;
			children = (
				9E3090BD18D1E11B0054DE87 /* en */,
			);
			name = InfoPlist.strings;
			sourceTree = "<group>";
		};
/* End PBXVariantGroup section */

/* Begin XCBuildConfiguration section */
		9E3090C118D1E11B0054DE87 /* Debug */ = {
			isa = XCBuildConfiguration;
			buildSettings = {
				ALWAYS_SEARCH_USER_PATHS = NO;
				ARCHS = "$(ARCHS_STANDARD_INCLUDING_64_BIT)";
				CLANG_CXX_LANGUAGE_STANDARD = "gnu++0x";
				CLANG_CXX_LIBRARY = "libc++";
				CLANG_ENABLE_MODULES = YES;
				CLANG_ENABLE_OBJC_ARC = YES;
				CLANG_WARN_BOOL_CONVERSION = YES;
				CLANG_WARN_CONSTANT_CONVERSION = YES;
				CLANG_WARN_DIRECT_OBJC_ISA_USAGE = YES_ERROR;
				CLANG_WARN_EMPTY_BODY = YES;
				CLANG_WARN_ENUM_CONVERSION = YES;
				CLANG_WARN_INT_CONVERSION = YES;
				CLANG_WARN_OBJC_ROOT_CLASS = YES_ERROR;
				CLANG_WARN__DUPLICATE_METHOD_MATCH = YES;
				"CODE_SIGN_IDENTITY[sdk=iphoneos*]" = "iPhone Developer";
				COPY_PHASE_STRIP = NO;
				GCC_C_LANGUAGE_STANDARD = gnu99;
				GCC_DYNAMIC_NO_PIC = NO;
				GCC_OPTIMIZATION_LEVEL = 0;
				GCC_PREPROCESSOR_DEFINITIONS = (
					"DEBUG=1",
					"$(inherited)",
				);
				GCC_SYMBOLS_PRIVATE_EXTERN = NO;
				GCC_WARN_64_TO_32_BIT_CONVERSION = YES;
				GCC_WARN_ABOUT_RETURN_TYPE = YES_ERROR;
				GCC_WARN_UNDECLARED_SELECTOR = YES;
				GCC_WARN_UNINITIALIZED_AUTOS = YES;
				GCC_WARN_UNUSED_FUNCTION = YES;
				GCC_WARN_UNUSED_VARIABLE = YES;
				IPHONEOS_DEPLOYMENT_TARGET = 7.0;
				ONLY_ACTIVE_ARCH = YES;
				SDKROOT = iphoneos;
			};
			name = Debug;
		};
		9E3090C218D1E11B0054DE87 /* Release */ = {
			isa = XCBuildConfiguration;
			buildSettings = {
				ALWAYS_SEARCH_USER_PATHS = NO;
				ARCHS = "$(ARCHS_STANDARD_INCLUDING_64_BIT)";
				CLANG_CXX_LANGUAGE_STANDARD = "gnu++0x";
				CLANG_CXX_LIBRARY = "libc++";
				CLANG_ENABLE_MODULES = YES;
				CLANG_ENABLE_OBJC_ARC = YES;
				CLANG_WARN_BOOL_CONVERSION = YES;
				CLANG_WARN_CONSTANT_CONVERSION = YES;
				CLANG_WARN_DIRECT_OBJC_ISA_USAGE = YES_ERROR;
				CLANG_WARN_EMPTY_BODY = YES;
				CLANG_WARN_ENUM_CONVERSION = YES;
				CLANG_WARN_INT_CONVERSION = YES;
				CLANG_WARN_OBJC_ROOT_CLASS = YES_ERROR;
				CLANG_WARN__DUPLICATE_METHOD_MATCH = YES;
				"CODE_SIGN_IDENTITY[sdk=iphoneos*]" = "iPhone Developer";
				COPY_PHASE_STRIP = YES;
				ENABLE_NS_ASSERTIONS = NO;
				GCC_C_LANGUAGE_STANDARD = gnu99;
				GCC_WARN_64_TO_32_BIT_CONVERSION = YES;
				GCC_WARN_ABOUT_RETURN_TYPE = YES_ERROR;
				GCC_WARN_UNDECLARED_SELECTOR = YES;
				GCC_WARN_UNINITIALIZED_AUTOS = YES;
				GCC_WARN_UNUSED_FUNCTION = YES;
				GCC_WARN_UNUSED_VARIABLE = YES;
				IPHONEOS_DEPLOYMENT_TARGET = 7.0;
				SDKROOT = iphoneos;
				VALIDATE_PRODUCT = YES;
			};
			name = Release;
		};
		9E3090C418D1E11B0054DE87 /* Debug */ = {
			isa = XCBuildConfiguration;
			buildSettings = {
				ASSETCATALOG_COMPILER_APPICON_NAME = AppIcon;
				ASSETCATALOG_COMPILER_LAUNCHIMAGE_NAME = LaunchImage;
				CODE_SIGN_IDENTITY = "iPhone Developer: Justin Schulte (F6ZJ84Q536)";
				GCC_PRECOMPILE_PREFIX_HEADER = YES;
				GCC_PREFIX_HEADER = "Graphview/Graphview-Prefix.pch";
				INFOPLIST_FILE = "Graphview/Graphview-Info.plist";
				PRODUCT_NAME = "$(TARGET_NAME)";
				PROVISIONING_PROFILE = "B4A8B6B2-5543-4A1C-839B-B5FDEE2AC2C1";
				WRAPPER_EXTENSION = app;
			};
			name = Debug;
		};
		9E3090C518D1E11B0054DE87 /* Release */ = {
			isa = XCBuildConfiguration;
			buildSettings = {
				ASSETCATALOG_COMPILER_APPICON_NAME = AppIcon;
				ASSETCATALOG_COMPILER_LAUNCHIMAGE_NAME = LaunchImage;
				CODE_SIGN_IDENTITY = "iPhone Developer: Justin Schulte (F6ZJ84Q536)";
				GCC_PRECOMPILE_PREFIX_HEADER = YES;
				GCC_PREFIX_HEADER = "Graphview/Graphview-Prefix.pch";
				INFOPLIST_FILE = "Graphview/Graphview-Info.plist";
				PRODUCT_NAME = "$(TARGET_NAME)";
				PROVISIONING_PROFILE = "B4A8B6B2-5543-4A1C-839B-B5FDEE2AC2C1";
				WRAPPER_EXTENSION = app;
			};
			name = Release;
		};
		9E3090C718D1E11B0054DE87 /* Debug */ = {
			isa = XCBuildConfiguration;
			buildSettings = {
				ARCHS = "$(ARCHS_STANDARD_INCLUDING_64_BIT)";
				BUNDLE_LOADER = "$(BUILT_PRODUCTS_DIR)/Graphview.app/Graphview";
				FRAMEWORK_SEARCH_PATHS = (
					"$(SDKROOT)/Developer/Library/Frameworks",
					"$(inherited)",
					"$(DEVELOPER_FRAMEWORKS_DIR)",
				);
				GCC_PRECOMPILE_PREFIX_HEADER = YES;
				GCC_PREFIX_HEADER = "Graphview/Graphview-Prefix.pch";
				GCC_PREPROCESSOR_DEFINITIONS = (
					"DEBUG=1",
					"$(inherited)",
				);
				INFOPLIST_FILE = "GraphviewTests/GraphviewTests-Info.plist";
				PRODUCT_NAME = "$(TARGET_NAME)";
				TEST_HOST = "$(BUNDLE_LOADER)";
				WRAPPER_EXTENSION = xctest;
			};
			name = Debug;
		};
		9E3090C818D1E11B0054DE87 /* Release */ = {
			isa = XCBuildConfiguration;
			buildSettings = {
				ARCHS = "$(ARCHS_STANDARD_INCLUDING_64_BIT)";
				BUNDLE_LOADER = "$(BUILT_PRODUCTS_DIR)/Graphview.app/Graphview";
				FRAMEWORK_SEARCH_PATHS = (
					"$(SDKROOT)/Developer/Library/Frameworks",
					"$(inherited)",
					"$(DEVELOPER_FRAMEWORKS_DIR)",
				);
				GCC_PRECOMPILE_PREFIX_HEADER = YES;
				GCC_PREFIX_HEADER = "Graphview/Graphview-Prefix.pch";
				INFOPLIST_FILE = "GraphviewTests/GraphviewTests-Info.plist";
				PRODUCT_NAME = "$(TARGET_NAME)";
				TEST_HOST = "$(BUNDLE_LOADER)";
				WRAPPER_EXTENSION = xctest;
			};
			name = Release;
		};
/* End XCBuildConfiguration section */

/* Begin XCConfigurationList section */
		9E30908C18D1E11B0054DE87 /* Build configuration list for PBXProject "Graphview" */ = {
			isa = XCConfigurationList;
			buildConfigurations = (
				9E3090C118D1E11B0054DE87 /* Debug */,
				9E3090C218D1E11B0054DE87 /* Release */,
			);
			defaultConfigurationIsVisible = 0;
			defaultConfigurationName = Release;
		};
		9E3090C318D1E11B0054DE87 /* Build configuration list for PBXNativeTarget "Graphview" */ = {
			isa = XCConfigurationList;
			buildConfigurations = (
				9E3090C418D1E11B0054DE87 /* Debug */,
				9E3090C518D1E11B0054DE87 /* Release */,
			);
			defaultConfigurationIsVisible = 0;
			defaultConfigurationName = Release;
		};
		9E3090C618D1E11B0054DE87 /* Build configuration list for PBXNativeTarget "GraphviewTests" */ = {
			isa = XCConfigurationList;
			buildConfigurations = (
				9E3090C718D1E11B0054DE87 /* Debug */,
				9E3090C818D1E11B0054DE87 /* Release */,
			);
			defaultConfigurationIsVisible = 0;
			defaultConfigurationName = Release;
		};
/* End XCConfigurationList section */
	};
	rootObject = 9E30908918D1E11B0054DE87 /* Project object */;
}
